// !$*UTF8*$!
{
	archiveVersion = 1;
	classes = {
	};
	objectVersion = 56;
	objects = {

/* Begin PBXBuildFile section */
		5F04C27A2B9F29CB0098B606 /* LoginScreenUI.swift in Sources */ = {isa = PBXBuildFile; fileRef = 5F04C2792B9F29CB0098B606 /* LoginScreenUI.swift */; };
		5F0A4E7A2BBE591800BA32B1 /* File.swift in Sources */ = {isa = PBXBuildFile; fileRef = 5F0A4E792BBE591800BA32B1 /* File.swift */; };
		5F1539772BB42AED007B2AAA /* User.swift in Sources */ = {isa = PBXBuildFile; fileRef = 5F1539762BB42AED007B2AAA /* User.swift */; };
		5F1539792BB42B69007B2AAA /* languages.json in Resources */ = {isa = PBXBuildFile; fileRef = 5F1539782BB42B69007B2AAA /* languages.json */; };
		5F15397B2BB42F19007B2AAA /* ContentViewforApi.swift in Sources */ = {isa = PBXBuildFile; fileRef = 5F15397A2BB42F19007B2AAA /* ContentViewforApi.swift */; };
		5F15397D2BB442AE007B2AAA /* CodableBootcamp.swift in Sources */ = {isa = PBXBuildFile; fileRef = 5F15397C2BB442AE007B2AAA /* CodableBootcamp.swift */; };
		5F1539802BB49D00007B2AAA /* model.swift in Sources */ = {isa = PBXBuildFile; fileRef = 5F15397F2BB49D00007B2AAA /* model.swift */; };
		5F1539822BB49DB5007B2AAA /* ContentViewURL.swift in Sources */ = {isa = PBXBuildFile; fileRef = 5F1539812BB49DB5007B2AAA /* ContentViewURL.swift */; };
		5F1539862BB4A319007B2AAA /* Creating a form.swift in Sources */ = {isa = PBXBuildFile; fileRef = 5F1539852BB4A319007B2AAA /* Creating a form.swift */; };
		5F1CF2602BB6CD910020E64C /* Using stacks to arrange views.swift in Sources */ = {isa = PBXBuildFile; fileRef = 5F1CF25F2BB6CD910020E64C /* Using stacks to arrange views.swift */; };
		5F1CF2622BB6CFE30020E64C /* Colors and frames.swift in Sources */ = {isa = PBXBuildFile; fileRef = 5F1CF2612BB6CFE20020E64C /* Colors and frames.swift */; };
		5F1CF2652BBAB59C0020E64C /* ContentViewEnum.swift in Sources */ = {isa = PBXBuildFile; fileRef = 5F1CF2642BBAB59C0020E64C /* ContentViewEnum.swift */; };
		5F1CF2672BBAB5BE0020E64C /* EnumWithSwitchStatement.swift in Sources */ = {isa = PBXBuildFile; fileRef = 5F1CF2662BBAB5BE0020E64C /* EnumWithSwitchStatement.swift */; };
		5F1CF2692BBAB7420020E64C /* EnumWithPickerView.swift in Sources */ = {isa = PBXBuildFile; fileRef = 5F1CF2682BBAB7420020E64C /* EnumWithPickerView.swift */; };
		5F26DAB42BB4C74500680F7F /* modifing a program state.swift in Sources */ = {isa = PBXBuildFile; fileRef = 5F26DAB32BB4C74500680F7F /* modifing a program state.swift */; };
		5F26DAB62BB4CA0900680F7F /* Binding state to user interface controls.swift in Sources */ = {isa = PBXBuildFile; fileRef = 5F26DAB52BB4CA0900680F7F /* Binding state to user interface controls.swift */; };
		5F2900A92BB57E4000E61515 /* views in a loop.swift in Sources */ = {isa = PBXBuildFile; fileRef = 5F2900A82BB57E4000E61515 /* views in a loop.swift */; };
		5F34FA3A2BEB811900A749C7 /* introduction.swift in Sources */ = {isa = PBXBuildFile; fileRef = 5F34FA392BEB811900A749C7 /* introduction.swift */; };
		5F4CFF832B8E2C1200EA2C60 /* AppForBeginnersApp.swift in Sources */ = {isa = PBXBuildFile; fileRef = 5F4CFF822B8E2C1200EA2C60 /* AppForBeginnersApp.swift */; };
		5F4CFF852B8E2C1200EA2C60 /* ContentView.swift in Sources */ = {isa = PBXBuildFile; fileRef = 5F4CFF842B8E2C1200EA2C60 /* ContentView.swift */; };
		5F4CFF872B8E2C1400EA2C60 /* Assets.xcassets in Resources */ = {isa = PBXBuildFile; fileRef = 5F4CFF862B8E2C1400EA2C60 /* Assets.xcassets */; };
		5F4CFF8A2B8E2C1400EA2C60 /* Preview Assets.xcassets in Resources */ = {isa = PBXBuildFile; fileRef = 5F4CFF892B8E2C1400EA2C60 /* Preview Assets.xcassets */; };
		5F4E81602BA3EBA500605399 /* ContentView1.swift in Sources */ = {isa = PBXBuildFile; fileRef = 5F4E815F2BA3EBA500605399 /* ContentView1.swift */; };
		5F4E81622BA3EC6D00605399 /* Info.swift in Sources */ = {isa = PBXBuildFile; fileRef = 5F4E81612BA3EC6D00605399 /* Info.swift */; };
		5F4E81642BA3EDD100605399 /* ContentView2.swift in Sources */ = {isa = PBXBuildFile; fileRef = 5F4E81632BA3EDD100605399 /* ContentView2.swift */; };
		5F65D81F2BBC948E00CD5D98 /* SwiftUIViewForWidgets.swift in Sources */ = {isa = PBXBuildFile; fileRef = 5F65D81E2BBC948E00CD5D98 /* SwiftUIViewForWidgets.swift */; };
		5F7CFF4B2BA0406800F46694 /* NavigationVIewExample.swift in Sources */ = {isa = PBXBuildFile; fileRef = 5F7CFF4A2BA0406800F46694 /* NavigationVIewExample.swift */; };
		5F7CFF4D2BA0642B00F46694 /* SwiftUiMVVM.swift in Sources */ = {isa = PBXBuildFile; fileRef = 5F7CFF4C2BA0642B00F46694 /* SwiftUiMVVM.swift */; };
		5F7FEBDC2BD6023F007F7BBA /* file.swift in Sources */ = {isa = PBXBuildFile; fileRef = 5F7FEBDB2BD6023F007F7BBA /* file.swift */; };
		5F84D8C02C048F8800D1CE83 /* Userrname.swift in Sources */ = {isa = PBXBuildFile; fileRef = 5F84D8BF2C048F8800D1CE83 /* Userrname.swift */; };
		5F957D872B9CCB92002DDA90 /* BasicOfClosere.swift in Sources */ = {isa = PBXBuildFile; fileRef = 5F957D862B9CCB92002DDA90 /* BasicOfClosere.swift */; };
		5F957D892B9D80B9002DDA90 /* Basics.swift in Sources */ = {isa = PBXBuildFile; fileRef = 5F957D882B9D80B9002DDA90 /* Basics.swift */; };
		5FAF116C2BA424A4005DBA83 /* GridView.swift in Sources */ = {isa = PBXBuildFile; fileRef = 5FAF116B2BA424A4005DBA83 /* GridView.swift */; };
		5FAF116F2BA4C818005DBA83 /* CustomTabBar.swift in Sources */ = {isa = PBXBuildFile; fileRef = 5FAF116E2BA4C818005DBA83 /* CustomTabBar.swift */; };
		5FAF8C8E2BAB5FD700925F1C /* initializerBootcamp.swift in Sources */ = {isa = PBXBuildFile; fileRef = 5FAF8C8D2BAB5FD700925F1C /* initializerBootcamp.swift */; };
		5FAF8C912BAC0FB700925F1C /* deepLinking.swift in Sources */ = {isa = PBXBuildFile; fileRef = 5FAF8C902BAC0FB700925F1C /* deepLinking.swift */; };
		5FAF8C932BAD6A0200925F1C /* ForEachBootcamp.swift in Sources */ = {isa = PBXBuildFile; fileRef = 5FAF8C922BAD6A0200925F1C /* ForEachBootcamp.swift */; };
		5FAF8C952BAD6DD300925F1C /* ScrollViewBootcamp.swift in Sources */ = {isa = PBXBuildFile; fileRef = 5FAF8C942BAD6DD300925F1C /* ScrollViewBootcamp.swift */; };
		5FB210AC2BF1E2DC0062BD06 /* Class And Struct.swift in Sources */ = {isa = PBXBuildFile; fileRef = 5FB210AB2BF1E2DC0062BD06 /* Class And Struct.swift */; };
		5FDBE0682BD1748900670BCA /* info.swift in Sources */ = {isa = PBXBuildFile; fileRef = 5FDBE0672BD1748900670BCA /* info.swift */; };
		5FEC00042BA8DFEC0090EA0B /* ContentView44.swift in Sources */ = {isa = PBXBuildFile; fileRef = 5FEC00032BA8DFEC0090EA0B /* ContentView44.swift */; };
		5FEC00072BA8E0D90090EA0B /* Post.swift in Sources */ = {isa = PBXBuildFile; fileRef = 5FEC00062BA8E0D90090EA0B /* Post.swift */; };
		5FEC000A2BA8E49A0090EA0B /* ContentView11.swift in Sources */ = {isa = PBXBuildFile; fileRef = 5FEC00092BA8E49A0090EA0B /* ContentView11.swift */; };
/* End PBXBuildFile section */

/* Begin PBXCopyFilesBuildPhase section */
		5F0A4E942BBE596F00BA32B1 /* Embed Foundation Extensions */ = {
			isa = PBXCopyFilesBuildPhase;
			buildActionMask = 2147483647;
			dstPath = "";
			dstSubfolderSpec = 13;
			files = (
			);
			name = "Embed Foundation Extensions";
			runOnlyForDeploymentPostprocessing = 0;
		};
/* End PBXCopyFilesBuildPhase section */

/* Begin PBXFileReference section */
		5F04C2792B9F29CB0098B606 /* LoginScreenUI.swift */ = {isa = PBXFileReference; lastKnownFileType = sourcecode.swift; path = LoginScreenUI.swift; sourceTree = "<group>"; };
		5F0A4E792BBE591800BA32B1 /* File.swift */ = {isa = PBXFileReference; lastKnownFileType = sourcecode.swift; path = File.swift; sourceTree = "<group>"; };
		5F0A4E812BBE596D00BA32B1 /* WidgetKit.framework */ = {isa = PBXFileReference; lastKnownFileType = wrapper.framework; name = WidgetKit.framework; path = /System/Library/Frameworks/WidgetKit.framework; sourceTree = "<absolute>"; };
		5F0A4E832BBE596D00BA32B1 /* SwiftUI.framework */ = {isa = PBXFileReference; lastKnownFileType = wrapper.framework; name = SwiftUI.framework; path = /System/Library/Frameworks/SwiftUI.framework; sourceTree = "<absolute>"; };
		5F0A4E862BBE596D00BA32B1 /* MigrainBuddyWidgetsBundle.swift */ = {isa = PBXFileReference; lastKnownFileType = sourcecode.swift; path = MigrainBuddyWidgetsBundle.swift; sourceTree = "<group>"; };
		5F0A4E882BBE596D00BA32B1 /* MigrainBuddyWidgets.swift */ = {isa = PBXFileReference; lastKnownFileType = sourcecode.swift; path = MigrainBuddyWidgets.swift; sourceTree = "<group>"; };
		5F0A4E8A2BBE596F00BA32B1 /* Assets.xcassets */ = {isa = PBXFileReference; lastKnownFileType = folder.assetcatalog; path = Assets.xcassets; sourceTree = "<group>"; };
		5F0A4E8C2BBE596F00BA32B1 /* Info.plist */ = {isa = PBXFileReference; lastKnownFileType = text.plist.xml; path = Info.plist; sourceTree = "<group>"; };
		5F0A4E8D2BBE596F00BA32B1 /* MigrainBuddyWidgets.entitlements */ = {isa = PBXFileReference; lastKnownFileType = text.plist.entitlements; path = MigrainBuddyWidgets.entitlements; sourceTree = "<group>"; };
		5F1539762BB42AED007B2AAA /* User.swift */ = {isa = PBXFileReference; lastKnownFileType = sourcecode.swift; path = User.swift; sourceTree = "<group>"; };
		5F1539782BB42B69007B2AAA /* languages.json */ = {isa = PBXFileReference; fileEncoding = 4; lastKnownFileType = text.json; path = languages.json; sourceTree = "<group>"; };
		5F15397A2BB42F19007B2AAA /* ContentViewforApi.swift */ = {isa = PBXFileReference; lastKnownFileType = sourcecode.swift; path = ContentViewforApi.swift; sourceTree = "<group>"; };
		5F15397C2BB442AE007B2AAA /* CodableBootcamp.swift */ = {isa = PBXFileReference; lastKnownFileType = sourcecode.swift; path = CodableBootcamp.swift; sourceTree = "<group>"; };
		5F15397F2BB49D00007B2AAA /* model.swift */ = {isa = PBXFileReference; lastKnownFileType = sourcecode.swift; path = model.swift; sourceTree = "<group>"; };
		5F1539812BB49DB5007B2AAA /* ContentViewURL.swift */ = {isa = PBXFileReference; lastKnownFileType = sourcecode.swift; path = ContentViewURL.swift; sourceTree = "<group>"; };
		5F1539852BB4A319007B2AAA /* Creating a form.swift */ = {isa = PBXFileReference; lastKnownFileType = sourcecode.swift; path = "Creating a form.swift"; sourceTree = "<group>"; };
		5F1CF25F2BB6CD910020E64C /* Using stacks to arrange views.swift */ = {isa = PBXFileReference; lastKnownFileType = sourcecode.swift; path = "Using stacks to arrange views.swift"; sourceTree = "<group>"; };
		5F1CF2612BB6CFE20020E64C /* Colors and frames.swift */ = {isa = PBXFileReference; lastKnownFileType = sourcecode.swift; path = "Colors and frames.swift"; sourceTree = "<group>"; };
		5F1CF2642BBAB59C0020E64C /* ContentViewEnum.swift */ = {isa = PBXFileReference; lastKnownFileType = sourcecode.swift; path = ContentViewEnum.swift; sourceTree = "<group>"; };
		5F1CF2662BBAB5BE0020E64C /* EnumWithSwitchStatement.swift */ = {isa = PBXFileReference; lastKnownFileType = sourcecode.swift; path = EnumWithSwitchStatement.swift; sourceTree = "<group>"; };
		5F1CF2682BBAB7420020E64C /* EnumWithPickerView.swift */ = {isa = PBXFileReference; lastKnownFileType = sourcecode.swift; path = EnumWithPickerView.swift; sourceTree = "<group>"; };
		5F26DAB32BB4C74500680F7F /* modifing a program state.swift */ = {isa = PBXFileReference; lastKnownFileType = sourcecode.swift; path = "modifing a program state.swift"; sourceTree = "<group>"; };
		5F26DAB52BB4CA0900680F7F /* Binding state to user interface controls.swift */ = {isa = PBXFileReference; lastKnownFileType = sourcecode.swift; path = "Binding state to user interface controls.swift"; sourceTree = "<group>"; };
		5F2900A82BB57E4000E61515 /* views in a loop.swift */ = {isa = PBXFileReference; lastKnownFileType = sourcecode.swift; path = "views in a loop.swift"; sourceTree = "<group>"; };
		5F34FA392BEB811900A749C7 /* introduction.swift */ = {isa = PBXFileReference; lastKnownFileType = sourcecode.swift; path = introduction.swift; sourceTree = "<group>"; };
		5F4CFF7F2B8E2C1200EA2C60 /* AppForBeginners.app */ = {isa = PBXFileReference; explicitFileType = wrapper.application; includeInIndex = 0; path = AppForBeginners.app; sourceTree = BUILT_PRODUCTS_DIR; };
		5F4CFF822B8E2C1200EA2C60 /* AppForBeginnersApp.swift */ = {isa = PBXFileReference; lastKnownFileType = sourcecode.swift; path = AppForBeginnersApp.swift; sourceTree = "<group>"; };
		5F4CFF842B8E2C1200EA2C60 /* ContentView.swift */ = {isa = PBXFileReference; lastKnownFileType = sourcecode.swift; path = ContentView.swift; sourceTree = "<group>"; };
		5F4CFF862B8E2C1400EA2C60 /* Assets.xcassets */ = {isa = PBXFileReference; lastKnownFileType = folder.assetcatalog; path = Assets.xcassets; sourceTree = "<group>"; };
		5F4CFF892B8E2C1400EA2C60 /* Preview Assets.xcassets */ = {isa = PBXFileReference; lastKnownFileType = folder.assetcatalog; path = "Preview Assets.xcassets"; sourceTree = "<group>"; };
		5F4E815F2BA3EBA500605399 /* ContentView1.swift */ = {isa = PBXFileReference; lastKnownFileType = sourcecode.swift; path = ContentView1.swift; sourceTree = "<group>"; };
		5F4E81612BA3EC6D00605399 /* Info.swift */ = {isa = PBXFileReference; lastKnownFileType = sourcecode.swift; path = Info.swift; sourceTree = "<group>"; };
		5F4E81632BA3EDD100605399 /* ContentView2.swift */ = {isa = PBXFileReference; lastKnownFileType = sourcecode.swift; path = ContentView2.swift; sourceTree = "<group>"; };
		5F65D81E2BBC948E00CD5D98 /* SwiftUIViewForWidgets.swift */ = {isa = PBXFileReference; lastKnownFileType = sourcecode.swift; path = SwiftUIViewForWidgets.swift; sourceTree = "<group>"; };
		5F7CFF4A2BA0406800F46694 /* NavigationVIewExample.swift */ = {isa = PBXFileReference; lastKnownFileType = sourcecode.swift; path = NavigationVIewExample.swift; sourceTree = "<group>"; };
		5F7CFF4C2BA0642B00F46694 /* SwiftUiMVVM.swift */ = {isa = PBXFileReference; lastKnownFileType = sourcecode.swift; path = SwiftUiMVVM.swift; sourceTree = "<group>"; };
		5F7FEBDB2BD6023F007F7BBA /* file.swift */ = {isa = PBXFileReference; lastKnownFileType = sourcecode.swift; path = file.swift; sourceTree = "<group>"; };
		5F84D8BF2C048F8800D1CE83 /* Userrname.swift */ = {isa = PBXFileReference; lastKnownFileType = sourcecode.swift; path = Userrname.swift; sourceTree = "<group>"; };
		5F957D862B9CCB92002DDA90 /* BasicOfClosere.swift */ = {isa = PBXFileReference; lastKnownFileType = sourcecode.swift; path = BasicOfClosere.swift; sourceTree = "<group>"; };
		5F957D882B9D80B9002DDA90 /* Basics.swift */ = {isa = PBXFileReference; lastKnownFileType = sourcecode.swift; path = Basics.swift; sourceTree = "<group>"; };
		5FAF116B2BA424A4005DBA83 /* GridView.swift */ = {isa = PBXFileReference; lastKnownFileType = sourcecode.swift; path = GridView.swift; sourceTree = "<group>"; };
		5FAF116E2BA4C818005DBA83 /* CustomTabBar.swift */ = {isa = PBXFileReference; lastKnownFileType = sourcecode.swift; path = CustomTabBar.swift; sourceTree = "<group>"; };
		5FAF8C8D2BAB5FD700925F1C /* initializerBootcamp.swift */ = {isa = PBXFileReference; lastKnownFileType = sourcecode.swift; path = initializerBootcamp.swift; sourceTree = "<group>"; };
		5FAF8C902BAC0FB700925F1C /* deepLinking.swift */ = {isa = PBXFileReference; lastKnownFileType = sourcecode.swift; path = deepLinking.swift; sourceTree = "<group>"; };
		5FAF8C922BAD6A0200925F1C /* ForEachBootcamp.swift */ = {isa = PBXFileReference; lastKnownFileType = sourcecode.swift; path = ForEachBootcamp.swift; sourceTree = "<group>"; };
		5FAF8C942BAD6DD300925F1C /* ScrollViewBootcamp.swift */ = {isa = PBXFileReference; lastKnownFileType = sourcecode.swift; path = ScrollViewBootcamp.swift; sourceTree = "<group>"; };
		5FB210AB2BF1E2DC0062BD06 /* Class And Struct.swift */ = {isa = PBXFileReference; lastKnownFileType = sourcecode.swift; path = "Class And Struct.swift"; sourceTree = "<group>"; };
		5FDBE0672BD1748900670BCA /* info.swift */ = {isa = PBXFileReference; lastKnownFileType = sourcecode.swift; path = info.swift; sourceTree = "<group>"; };
		5FEC00032BA8DFEC0090EA0B /* ContentView44.swift */ = {isa = PBXFileReference; lastKnownFileType = sourcecode.swift; path = ContentView44.swift; sourceTree = "<group>"; };
		5FEC00062BA8E0D90090EA0B /* Post.swift */ = {isa = PBXFileReference; lastKnownFileType = sourcecode.swift; path = Post.swift; sourceTree = "<group>"; };
		5FEC00092BA8E49A0090EA0B /* ContentView11.swift */ = {isa = PBXFileReference; lastKnownFileType = sourcecode.swift; path = ContentView11.swift; sourceTree = "<group>"; };
/* End PBXFileReference section */

/* Begin PBXFrameworksBuildPhase section */
		5F4CFF7C2B8E2C1200EA2C60 /* Frameworks */ = {
			isa = PBXFrameworksBuildPhase;
			buildActionMask = 2147483647;
			files = (
			);
			runOnlyForDeploymentPostprocessing = 0;
		};
/* End PBXFrameworksBuildPhase section */

/* Begin PBXGroup section */
		5F04C2782B9F29710098B606 /* Login page */ = {
			isa = PBXGroup;
			children = (
				5F04C2792B9F29CB0098B606 /* LoginScreenUI.swift */,
			);
			path = "Login page";
			sourceTree = "<group>";
		};
		5F0A4E782BBE590200BA32B1 /* Widgets */ = {
			isa = PBXGroup;
			children = (
				5F0A4E792BBE591800BA32B1 /* File.swift */,
			);
			path = Widgets;
			sourceTree = "<group>";
		};
		5F0A4E802BBE596D00BA32B1 /* Frameworks */ = {
			isa = PBXGroup;
			children = (
				5F0A4E812BBE596D00BA32B1 /* WidgetKit.framework */,
				5F0A4E832BBE596D00BA32B1 /* SwiftUI.framework */,
			);
			name = Frameworks;
			sourceTree = "<group>";
		};
		5F0A4E852BBE596D00BA32B1 /* MigrainBuddyWidgets */ = {
			isa = PBXGroup;
			children = (
				5F0A4E862BBE596D00BA32B1 /* MigrainBuddyWidgetsBundle.swift */,
				5F0A4E882BBE596D00BA32B1 /* MigrainBuddyWidgets.swift */,
				5F0A4E8A2BBE596F00BA32B1 /* Assets.xcassets */,
				5F0A4E8C2BBE596F00BA32B1 /* Info.plist */,
				5F0A4E8D2BBE596F00BA32B1 /* MigrainBuddyWidgets.entitlements */,
			);
			path = MigrainBuddyWidgets;
			sourceTree = "<group>";
		};
		5F15397E2BB49C87007B2AAA /* ApiCall4(URLSession) */ = {
			isa = PBXGroup;
			children = (
				5F1539782BB42B69007B2AAA /* languages.json */,
				5F15397F2BB49D00007B2AAA /* model.swift */,
				5F1539812BB49DB5007B2AAA /* ContentViewURL.swift */,
			);
			path = "ApiCall4(URLSession)";
			sourceTree = "<group>";
		};
		5F1539832BB4A275007B2AAA /* Hacking with iOS */ = {
			isa = PBXGroup;
			children = (
				5F1CF25E2BB6CD500020E64C /* Project 2 Guess the Flag */,
				5F1539842BB4A2AB007B2AAA /* Project1(Learn the basics ) */,
			);
			path = "Hacking with iOS";
			sourceTree = "<group>";
		};
		5F1539842BB4A2AB007B2AAA /* Project1(Learn the basics ) */ = {
			isa = PBXGroup;
			children = (
				5F1539852BB4A319007B2AAA /* Creating a form.swift */,
				5F26DAB32BB4C74500680F7F /* modifing a program state.swift */,
				5F26DAB52BB4CA0900680F7F /* Binding state to user interface controls.swift */,
				5F2900A82BB57E4000E61515 /* views in a loop.swift */,
			);
			path = "Project1(Learn the basics )";
			sourceTree = "<group>";
		};
		5F1CF25E2BB6CD500020E64C /* Project 2 Guess the Flag */ = {
			isa = PBXGroup;
			children = (
				5F1CF25F2BB6CD910020E64C /* Using stacks to arrange views.swift */,
				5F1CF2612BB6CFE20020E64C /* Colors and frames.swift */,
			);
			path = "Project 2 Guess the Flag";
			sourceTree = "<group>";
		};
		5F1CF2632BBAB5540020E64C /* Enumeration */ = {
			isa = PBXGroup;
			children = (
				5F1CF2642BBAB59C0020E64C /* ContentViewEnum.swift */,
				5F1CF2662BBAB5BE0020E64C /* EnumWithSwitchStatement.swift */,
				5F1CF2682BBAB7420020E64C /* EnumWithPickerView.swift */,
			);
			path = Enumeration;
			sourceTree = "<group>";
		};
		5F34FA382BEB80BD00A749C7 /* May 2024 (Interview Preparation */ = {
			isa = PBXGroup;
			children = (
				5F34FA392BEB811900A749C7 /* introduction.swift */,
				5FB210AB2BF1E2DC0062BD06 /* Class And Struct.swift */,
			);
			path = "May 2024 (Interview Preparation";
			sourceTree = "<group>";
		};
		5F4CFF762B8E2C1200EA2C60 = {
			isa = PBXGroup;
			children = (
				5F34FA382BEB80BD00A749C7 /* May 2024 (Interview Preparation */,
				5F7FEBDA2BD5F9EA007F7BBA /* Extensions */,
				5FDBE0662BD1741A00670BCA /* Lock Screen Widgets in SwiftUI */,
				5F65D81D2BBC93DB00CD5D98 /* ObservableObject, @Published, and Protocols */,
				5F1CF2632BBAB5540020E64C /* Enumeration */,
				5F1539832BB4A275007B2AAA /* Hacking with iOS */,
				5FAF8C8F2BAC0F9900925F1C /* DeepLinking  */,
				5FAF8C8C2BAB5F4000925F1C /* SwiftFull Thinking */,
				5FEC00022BA8DFB40090EA0B /* APICalling */,
				5F7CFF492BA0403300F46694 /* TutorialSwiftUI */,
				5F04C2782B9F29710098B606 /* Login page */,
				5F957D832B9CCA00002DDA90 /* closureExamples */,
				5F4CFF812B8E2C1200EA2C60 /* AppForBeginners */,
				5F0A4E852BBE596D00BA32B1 /* MigrainBuddyWidgets */,
				5F0A4E802BBE596D00BA32B1 /* Frameworks */,
				5F4CFF802B8E2C1200EA2C60 /* Products */,
			);
			sourceTree = "<group>";
		};
		5F4CFF802B8E2C1200EA2C60 /* Products */ = {
			isa = PBXGroup;
			children = (
				5F4CFF7F2B8E2C1200EA2C60 /* AppForBeginners.app */,
			);
			name = Products;
			sourceTree = "<group>";
		};
		5F4CFF812B8E2C1200EA2C60 /* AppForBeginners */ = {
			isa = PBXGroup;
			children = (
				5F4CFF822B8E2C1200EA2C60 /* AppForBeginnersApp.swift */,
				5F4CFF842B8E2C1200EA2C60 /* ContentView.swift */,
				5F4CFF862B8E2C1400EA2C60 /* Assets.xcassets */,
				5F4CFF882B8E2C1400EA2C60 /* Preview Content */,
			);
			path = AppForBeginners;
			sourceTree = "<group>";
		};
		5F4CFF882B8E2C1400EA2C60 /* Preview Content */ = {
			isa = PBXGroup;
			children = (
				5F4CFF892B8E2C1400EA2C60 /* Preview Assets.xcassets */,
			);
			path = "Preview Content";
			sourceTree = "<group>";
		};
		5F4E815E2BA3EB6300605399 /* GridView */ = {
			isa = PBXGroup;
			children = (
				5F4E81612BA3EC6D00605399 /* Info.swift */,
				5F4E815F2BA3EBA500605399 /* ContentView1.swift */,
				5F4E81632BA3EDD100605399 /* ContentView2.swift */,
				5FAF116B2BA424A4005DBA83 /* GridView.swift */,
			);
			path = GridView;
			sourceTree = "<group>";
		};
		5F65D81D2BBC93DB00CD5D98 /* ObservableObject, @Published, and Protocols */ = {
			isa = PBXGroup;
			children = (
				5F0A4E782BBE590200BA32B1 /* Widgets */,
				5F65D81E2BBC948E00CD5D98 /* SwiftUIViewForWidgets.swift */,
			);
			path = "ObservableObject, @Published, and Protocols";
			sourceTree = "<group>";
		};
		5F74D90C2BB37C140089B71E /* ApiCall3 */ = {
			isa = PBXGroup;
			children = (
				5F1539762BB42AED007B2AAA /* User.swift */,
				5F15397A2BB42F19007B2AAA /* ContentViewforApi.swift */,
			);
			path = ApiCall3;
			sourceTree = "<group>";
		};
		5F7CFF492BA0403300F46694 /* TutorialSwiftUI */ = {
			isa = PBXGroup;
			children = (
				5FAF116D2BA4C7CE005DBA83 /* CustomAnimatedTabBarView */,
				5F4E815E2BA3EB6300605399 /* GridView */,
				5F7CFF4A2BA0406800F46694 /* NavigationVIewExample.swift */,
				5F7CFF4E2BA065D000F46694 /* SwiftUIMVVM */,
			);
			path = TutorialSwiftUI;
			sourceTree = "<group>";
		};
		5F7CFF4E2BA065D000F46694 /* SwiftUIMVVM */ = {
			isa = PBXGroup;
			children = (
				5F7CFF4C2BA0642B00F46694 /* SwiftUiMVVM.swift */,
			);
			path = SwiftUIMVVM;
			sourceTree = "<group>";
		};
		5F7FEBDA2BD5F9EA007F7BBA /* Extensions */ = {
			isa = PBXGroup;
			children = (
				5F7FEBDB2BD6023F007F7BBA /* file.swift */,
			);
			path = Extensions;
			sourceTree = "<group>";
		};
		5F84D8BE2C048C3200D1CE83 /* SwiftApi Call FOr Beginners */ = {
			isa = PBXGroup;
			children = (
				5F84D8BF2C048F8800D1CE83 /* Userrname.swift */,
			);
			path = "SwiftApi Call FOr Beginners";
			sourceTree = "<group>";
		};
		5F957D832B9CCA00002DDA90 /* closureExamples */ = {
			isa = PBXGroup;
			children = (
				5F957D862B9CCB92002DDA90 /* BasicOfClosere.swift */,
				5F957D882B9D80B9002DDA90 /* Basics.swift */,
			);
			path = closureExamples;
			sourceTree = "<group>";
		};
		5FAF116D2BA4C7CE005DBA83 /* CustomAnimatedTabBarView */ = {
			isa = PBXGroup;
			children = (
				5FAF116E2BA4C818005DBA83 /* CustomTabBar.swift */,
			);
			path = CustomAnimatedTabBarView;
			sourceTree = "<group>";
		};
		5FAF8C8C2BAB5F4000925F1C /* SwiftFull Thinking */ = {
			isa = PBXGroup;
			children = (
				5FAF8C8D2BAB5FD700925F1C /* initializerBootcamp.swift */,
				5FAF8C922BAD6A0200925F1C /* ForEachBootcamp.swift */,
				5FAF8C942BAD6DD300925F1C /* ScrollViewBootcamp.swift */,
				5F15397C2BB442AE007B2AAA /* CodableBootcamp.swift */,
			);
			path = "SwiftFull Thinking";
			sourceTree = "<group>";
		};
		5FAF8C8F2BAC0F9900925F1C /* DeepLinking  */ = {
			isa = PBXGroup;
			children = (
				5FAF8C902BAC0FB700925F1C /* deepLinking.swift */,
			);
			path = "DeepLinking ";
			sourceTree = "<group>";
		};
		5FAF8C962BAD752700925F1C /* LoadingAndCatchingImagesInUrl */ = {
			isa = PBXGroup;
			children = (
			);
			path = LoadingAndCatchingImagesInUrl;
			sourceTree = "<group>";
		};
		5FBA94512BD24D6700DE298D /* widgetKit */ = {
			isa = PBXGroup;
			children = (
			);
			path = widgetKit;
			sourceTree = "<group>";
		};
		5FDBE0662BD1741A00670BCA /* Lock Screen Widgets in SwiftUI */ = {
			isa = PBXGroup;
			children = (
				5FDBE0672BD1748900670BCA /* info.swift */,
				5FBA94512BD24D6700DE298D /* widgetKit */,
			);
			path = "Lock Screen Widgets in SwiftUI";
			sourceTree = "<group>";
		};
		5FEC00022BA8DFB40090EA0B /* APICalling */ = {
			isa = PBXGroup;
			children = (
				5F84D8BE2C048C3200D1CE83 /* SwiftApi Call FOr Beginners */,
				5F15397E2BB49C87007B2AAA /* ApiCall4(URLSession) */,
				5F74D90C2BB37C140089B71E /* ApiCall3 */,
				5FEC00082BA8E21A0090EA0B /* ApiCall2 */,
				5FEC00052BA8E0A90090EA0B /* ApiCall1 */,
			);
			path = APICalling;
			sourceTree = "<group>";
		};
		5FEC00052BA8E0A90090EA0B /* ApiCall1 */ = {
			isa = PBXGroup;
			children = (
				5FEC00032BA8DFEC0090EA0B /* ContentView44.swift */,
				5FEC00062BA8E0D90090EA0B /* Post.swift */,
			);
			path = ApiCall1;
			sourceTree = "<group>";
		};
		5FEC00082BA8E21A0090EA0B /* ApiCall2 */ = {
			isa = PBXGroup;
			children = (
				5FAF8C962BAD752700925F1C /* LoadingAndCatchingImagesInUrl */,
				5FEC00092BA8E49A0090EA0B /* ContentView11.swift */,
			);
			path = ApiCall2;
			sourceTree = "<group>";
		};
/* End PBXGroup section */

/* Begin PBXNativeTarget section */
		5F4CFF7E2B8E2C1200EA2C60 /* AppForBeginners */ = {
			isa = PBXNativeTarget;
			buildConfigurationList = 5F4CFF8D2B8E2C1400EA2C60 /* Build configuration list for PBXNativeTarget "AppForBeginners" */;
			buildPhases = (
				5F4CFF7B2B8E2C1200EA2C60 /* Sources */,
				5F4CFF7C2B8E2C1200EA2C60 /* Frameworks */,
				5F4CFF7D2B8E2C1200EA2C60 /* Resources */,
				5F0A4E942BBE596F00BA32B1 /* Embed Foundation Extensions */,
			);
			buildRules = (
			);
			dependencies = (
			);
			name = AppForBeginners;
			productName = AppForBeginners;
			productReference = 5F4CFF7F2B8E2C1200EA2C60 /* AppForBeginners.app */;
			productType = "com.apple.product-type.application";
		};
/* End PBXNativeTarget section */

/* Begin PBXProject section */
		5F4CFF772B8E2C1200EA2C60 /* Project object */ = {
			isa = PBXProject;
			attributes = {
				BuildIndependentTargetsInParallel = 1;
				LastSwiftUpdateCheck = 1530;
				LastUpgradeCheck = 1500;
				TargetAttributes = {
					5F4CFF7E2B8E2C1200EA2C60 = {
						CreatedOnToolsVersion = 15.0.1;
					};
				};
			};
			buildConfigurationList = 5F4CFF7A2B8E2C1200EA2C60 /* Build configuration list for PBXProject "AppForBeginners" */;
			compatibilityVersion = "Xcode 14.0";
			developmentRegion = en;
			hasScannedForEncodings = 0;
			knownRegions = (
				en,
				Base,
			);
			mainGroup = 5F4CFF762B8E2C1200EA2C60;
			productRefGroup = 5F4CFF802B8E2C1200EA2C60 /* Products */;
			projectDirPath = "";
			projectRoot = "";
			targets = (
				5F4CFF7E2B8E2C1200EA2C60 /* AppForBeginners */,
			);
		};
/* End PBXProject section */

/* Begin PBXResourcesBuildPhase section */
		5F4CFF7D2B8E2C1200EA2C60 /* Resources */ = {
			isa = PBXResourcesBuildPhase;
			buildActionMask = 2147483647;
			files = (
				5F1539792BB42B69007B2AAA /* languages.json in Resources */,
				5F4CFF8A2B8E2C1400EA2C60 /* Preview Assets.xcassets in Resources */,
				5F4CFF872B8E2C1400EA2C60 /* Assets.xcassets in Resources */,
			);
			runOnlyForDeploymentPostprocessing = 0;
		};
/* End PBXResourcesBuildPhase section */

/* Begin PBXSourcesBuildPhase section */
		5F4CFF7B2B8E2C1200EA2C60 /* Sources */ = {
			isa = PBXSourcesBuildPhase;
			buildActionMask = 2147483647;
			files = (
				5FAF8C912BAC0FB700925F1C /* deepLinking.swift in Sources */,
				5F1539862BB4A319007B2AAA /* Creating a form.swift in Sources */,
				5F1CF2652BBAB59C0020E64C /* ContentViewEnum.swift in Sources */,
				5F7CFF4B2BA0406800F46694 /* NavigationVIewExample.swift in Sources */,
				5F1CF2622BB6CFE30020E64C /* Colors and frames.swift in Sources */,
				5F65D81F2BBC948E00CD5D98 /* SwiftUIViewForWidgets.swift in Sources */,
				5F957D892B9D80B9002DDA90 /* Basics.swift in Sources */,
				5F957D872B9CCB92002DDA90 /* BasicOfClosere.swift in Sources */,
				5F26DAB62BB4CA0900680F7F /* Binding state to user interface controls.swift in Sources */,
				5F34FA3A2BEB811900A749C7 /* introduction.swift in Sources */,
				5FAF116C2BA424A4005DBA83 /* GridView.swift in Sources */,
				5FAF116F2BA4C818005DBA83 /* CustomTabBar.swift in Sources */,
				5F84D8C02C048F8800D1CE83 /* Userrname.swift in Sources */,
				5FEC00072BA8E0D90090EA0B /* Post.swift in Sources */,
				5F26DAB42BB4C74500680F7F /* modifing a program state.swift in Sources */,
				5F1CF2692BBAB7420020E64C /* EnumWithPickerView.swift in Sources */,
				5FAF8C952BAD6DD300925F1C /* ScrollViewBootcamp.swift in Sources */,
				5F1539822BB49DB5007B2AAA /* ContentViewURL.swift in Sources */,
				5F1539772BB42AED007B2AAA /* User.swift in Sources */,
				5F4E81642BA3EDD100605399 /* ContentView2.swift in Sources */,
				5F1CF2672BBAB5BE0020E64C /* EnumWithSwitchStatement.swift in Sources */,
				5F7FEBDC2BD6023F007F7BBA /* file.swift in Sources */,
				5F4E81622BA3EC6D00605399 /* Info.swift in Sources */,
				5F4CFF852B8E2C1200EA2C60 /* ContentView.swift in Sources */,
				5FDBE0682BD1748900670BCA /* info.swift in Sources */,
				5F4E81602BA3EBA500605399 /* ContentView1.swift in Sources */,
				5F15397D2BB442AE007B2AAA /* CodableBootcamp.swift in Sources */,
				5F1CF2602BB6CD910020E64C /* Using stacks to arrange views.swift in Sources */,
				5F4CFF832B8E2C1200EA2C60 /* AppForBeginnersApp.swift in Sources */,
				5FEC00042BA8DFEC0090EA0B /* ContentView44.swift in Sources */,
				5F15397B2BB42F19007B2AAA /* ContentViewforApi.swift in Sources */,
				5F7CFF4D2BA0642B00F46694 /* SwiftUiMVVM.swift in Sources */,
				5F1539802BB49D00007B2AAA /* model.swift in Sources */,
				5FAF8C8E2BAB5FD700925F1C /* initializerBootcamp.swift in Sources */,
				5F0A4E7A2BBE591800BA32B1 /* File.swift in Sources */,
				5F2900A92BB57E4000E61515 /* views in a loop.swift in Sources */,
				5FEC000A2BA8E49A0090EA0B /* ContentView11.swift in Sources */,
				5FB210AC2BF1E2DC0062BD06 /* Class And Struct.swift in Sources */,
				5F04C27A2B9F29CB0098B606 /* LoginScreenUI.swift in Sources */,
				5FAF8C932BAD6A0200925F1C /* ForEachBootcamp.swift in Sources */,
			);
			runOnlyForDeploymentPostprocessing = 0;
		};
/* End PBXSourcesBuildPhase section */

/* Begin XCBuildConfiguration section */
		5F4CFF8B2B8E2C1400EA2C60 /* Debug */ = {
			isa = XCBuildConfiguration;
			buildSettings = {
				ALWAYS_SEARCH_USER_PATHS = NO;
				ASSETCATALOG_COMPILER_GENERATE_SWIFT_ASSET_SYMBOL_EXTENSIONS = YES;
				CLANG_ANALYZER_NONNULL = YES;
				CLANG_ANALYZER_NUMBER_OBJECT_CONVERSION = YES_AGGRESSIVE;
				CLANG_CXX_LANGUAGE_STANDARD = "gnu++20";
				CLANG_ENABLE_MODULES = YES;
				CLANG_ENABLE_OBJC_ARC = YES;
				CLANG_ENABLE_OBJC_WEAK = YES;
				CLANG_WARN_BLOCK_CAPTURE_AUTORELEASING = YES;
				CLANG_WARN_BOOL_CONVERSION = YES;
				CLANG_WARN_COMMA = YES;
				CLANG_WARN_CONSTANT_CONVERSION = YES;
				CLANG_WARN_DEPRECATED_OBJC_IMPLEMENTATIONS = YES;
				CLANG_WARN_DIRECT_OBJC_ISA_USAGE = YES_ERROR;
				CLANG_WARN_DOCUMENTATION_COMMENTS = YES;
				CLANG_WARN_EMPTY_BODY = YES;
				CLANG_WARN_ENUM_CONVERSION = YES;
				CLANG_WARN_INFINITE_RECURSION = YES;
				CLANG_WARN_INT_CONVERSION = YES;
				CLANG_WARN_NON_LITERAL_NULL_CONVERSION = YES;
				CLANG_WARN_OBJC_IMPLICIT_RETAIN_SELF = YES;
				CLANG_WARN_OBJC_LITERAL_CONVERSION = YES;
				CLANG_WARN_OBJC_ROOT_CLASS = YES_ERROR;
				CLANG_WARN_QUOTED_INCLUDE_IN_FRAMEWORK_HEADER = YES;
				CLANG_WARN_RANGE_LOOP_ANALYSIS = YES;
				CLANG_WARN_STRICT_PROTOTYPES = YES;
				CLANG_WARN_SUSPICIOUS_MOVE = YES;
				CLANG_WARN_UNGUARDED_AVAILABILITY = YES_AGGRESSIVE;
				CLANG_WARN_UNREACHABLE_CODE = YES;
				CLANG_WARN__DUPLICATE_METHOD_MATCH = YES;
				COPY_PHASE_STRIP = NO;
				DEBUG_INFORMATION_FORMAT = dwarf;
				ENABLE_STRICT_OBJC_MSGSEND = YES;
				ENABLE_TESTABILITY = YES;
				ENABLE_USER_SCRIPT_SANDBOXING = YES;
				GCC_C_LANGUAGE_STANDARD = gnu17;
				GCC_DYNAMIC_NO_PIC = NO;
				GCC_NO_COMMON_BLOCKS = YES;
				GCC_OPTIMIZATION_LEVEL = 0;
				GCC_PREPROCESSOR_DEFINITIONS = (
					"DEBUG=1",
					"$(inherited)",
				);
				GCC_WARN_64_TO_32_BIT_CONVERSION = YES;
				GCC_WARN_ABOUT_RETURN_TYPE = YES_ERROR;
				GCC_WARN_UNDECLARED_SELECTOR = YES;
				GCC_WARN_UNINITIALIZED_AUTOS = YES_AGGRESSIVE;
				GCC_WARN_UNUSED_FUNCTION = YES;
				GCC_WARN_UNUSED_VARIABLE = YES;
				IPHONEOS_DEPLOYMENT_TARGET = 17.0;
				LOCALIZATION_PREFERS_STRING_CATALOGS = YES;
				MTL_ENABLE_DEBUG_INFO = INCLUDE_SOURCE;
				MTL_FAST_MATH = YES;
				ONLY_ACTIVE_ARCH = YES;
				SDKROOT = iphoneos;
				SWIFT_ACTIVE_COMPILATION_CONDITIONS = "DEBUG $(inherited)";
				SWIFT_OPTIMIZATION_LEVEL = "-Onone";
			};
			name = Debug;
		};
		5F4CFF8C2B8E2C1400EA2C60 /* Release */ = {
			isa = XCBuildConfiguration;
			buildSettings = {
				ALWAYS_SEARCH_USER_PATHS = NO;
				ASSETCATALOG_COMPILER_GENERATE_SWIFT_ASSET_SYMBOL_EXTENSIONS = YES;
				CLANG_ANALYZER_NONNULL = YES;
				CLANG_ANALYZER_NUMBER_OBJECT_CONVERSION = YES_AGGRESSIVE;
				CLANG_CXX_LANGUAGE_STANDARD = "gnu++20";
				CLANG_ENABLE_MODULES = YES;
				CLANG_ENABLE_OBJC_ARC = YES;
				CLANG_ENABLE_OBJC_WEAK = YES;
				CLANG_WARN_BLOCK_CAPTURE_AUTORELEASING = YES;
				CLANG_WARN_BOOL_CONVERSION = YES;
				CLANG_WARN_COMMA = YES;
				CLANG_WARN_CONSTANT_CONVERSION = YES;
				CLANG_WARN_DEPRECATED_OBJC_IMPLEMENTATIONS = YES;
				CLANG_WARN_DIRECT_OBJC_ISA_USAGE = YES_ERROR;
				CLANG_WARN_DOCUMENTATION_COMMENTS = YES;
				CLANG_WARN_EMPTY_BODY = YES;
				CLANG_WARN_ENUM_CONVERSION = YES;
				CLANG_WARN_INFINITE_RECURSION = YES;
				CLANG_WARN_INT_CONVERSION = YES;
				CLANG_WARN_NON_LITERAL_NULL_CONVERSION = YES;
				CLANG_WARN_OBJC_IMPLICIT_RETAIN_SELF = YES;
				CLANG_WARN_OBJC_LITERAL_CONVERSION = YES;
				CLANG_WARN_OBJC_ROOT_CLASS = YES_ERROR;
				CLANG_WARN_QUOTED_INCLUDE_IN_FRAMEWORK_HEADER = YES;
				CLANG_WARN_RANGE_LOOP_ANALYSIS = YES;
				CLANG_WARN_STRICT_PROTOTYPES = YES;
				CLANG_WARN_SUSPICIOUS_MOVE = YES;
				CLANG_WARN_UNGUARDED_AVAILABILITY = YES_AGGRESSIVE;
				CLANG_WARN_UNREACHABLE_CODE = YES;
				CLANG_WARN__DUPLICATE_METHOD_MATCH = YES;
				COPY_PHASE_STRIP = NO;
				DEBUG_INFORMATION_FORMAT = "dwarf-with-dsym";
				ENABLE_NS_ASSERTIONS = NO;
				ENABLE_STRICT_OBJC_MSGSEND = YES;
				ENABLE_USER_SCRIPT_SANDBOXING = YES;
				GCC_C_LANGUAGE_STANDARD = gnu17;
				GCC_NO_COMMON_BLOCKS = YES;
				GCC_WARN_64_TO_32_BIT_CONVERSION = YES;
				GCC_WARN_ABOUT_RETURN_TYPE = YES_ERROR;
				GCC_WARN_UNDECLARED_SELECTOR = YES;
				GCC_WARN_UNINITIALIZED_AUTOS = YES_AGGRESSIVE;
				GCC_WARN_UNUSED_FUNCTION = YES;
				GCC_WARN_UNUSED_VARIABLE = YES;
				IPHONEOS_DEPLOYMENT_TARGET = 17.0;
				LOCALIZATION_PREFERS_STRING_CATALOGS = YES;
				MTL_ENABLE_DEBUG_INFO = NO;
				MTL_FAST_MATH = YES;
				SDKROOT = iphoneos;
				SWIFT_COMPILATION_MODE = wholemodule;
				VALIDATE_PRODUCT = YES;
			};
			name = Release;
		};
		5F4CFF8E2B8E2C1400EA2C60 /* Debug */ = {
			isa = XCBuildConfiguration;
			buildSettings = {
				ALWAYS_EMBED_SWIFT_STANDARD_LIBRARIES = YES;
				ASSETCATALOG_COMPILER_APPICON_NAME = AppIcon;
				ASSETCATALOG_COMPILER_GLOBAL_ACCENT_COLOR_NAME = AccentColor;
				CODE_SIGN_STYLE = Automatic;
				CURRENT_PROJECT_VERSION = 1;
				DEVELOPMENT_ASSET_PATHS = "\"AppForBeginners/Preview Content\"";
				DEVELOPMENT_TEAM = T37U8PA553;
				ENABLE_PREVIEWS = YES;
				GENERATE_INFOPLIST_FILE = YES;
				INFOPLIST_KEY_UIApplicationSceneManifest_Generation = YES;
				INFOPLIST_KEY_UIApplicationSupportsIndirectInputEvents = YES;
				INFOPLIST_KEY_UILaunchScreen_Generation = YES;
				INFOPLIST_KEY_UISupportedInterfaceOrientations_iPad = "UIInterfaceOrientationPortrait UIInterfaceOrientationPortraitUpsideDown UIInterfaceOrientationLandscapeLeft UIInterfaceOrientationLandscapeRight";
				INFOPLIST_KEY_UISupportedInterfaceOrientations_iPhone = "UIInterfaceOrientationPortrait UIInterfaceOrientationLandscapeLeft UIInterfaceOrientationLandscapeRight";
				LD_RUNPATH_SEARCH_PATHS = (
					"$(inherited)",
					"@executable_path/Frameworks",
				);
				MARKETING_VERSION = 1.0;
				PRODUCT_BUNDLE_IDENTIFIER = com.vaishnavi.AppForBeginners;
				PRODUCT_NAME = "$(TARGET_NAME)";
				SWIFT_EMIT_LOC_STRINGS = YES;
				SWIFT_VERSION = 5.0;
				TARGETED_DEVICE_FAMILY = "1,2";
			};
			name = Debug;
		};
		5F4CFF8F2B8E2C1400EA2C60 /* Release */ = {
			isa = XCBuildConfiguration;
			buildSettings = {
				ALWAYS_EMBED_SWIFT_STANDARD_LIBRARIES = YES;
				ASSETCATALOG_COMPILER_APPICON_NAME = AppIcon;
				ASSETCATALOG_COMPILER_GLOBAL_ACCENT_COLOR_NAME = AccentColor;
				CODE_SIGN_STYLE = Automatic;
				CURRENT_PROJECT_VERSION = 1;
				DEVELOPMENT_ASSET_PATHS = "\"AppForBeginners/Preview Content\"";
				DEVELOPMENT_TEAM = T37U8PA553;
				ENABLE_PREVIEWS = YES;
				GENERATE_INFOPLIST_FILE = YES;
				INFOPLIST_KEY_UIApplicationSceneManifest_Generation = YES;
				INFOPLIST_KEY_UIApplicationSupportsIndirectInputEvents = YES;
				INFOPLIST_KEY_UILaunchScreen_Generation = YES;
				INFOPLIST_KEY_UISupportedInterfaceOrientations_iPad = "UIInterfaceOrientationPortrait UIInterfaceOrientationPortraitUpsideDown UIInterfaceOrientationLandscapeLeft UIInterfaceOrientationLandscapeRight";
				INFOPLIST_KEY_UISupportedInterfaceOrientations_iPhone = "UIInterfaceOrientationPortrait UIInterfaceOrientationLandscapeLeft UIInterfaceOrientationLandscapeRight";
				LD_RUNPATH_SEARCH_PATHS = (
					"$(inherited)",
					"@executable_path/Frameworks",
				);
				MARKETING_VERSION = 1.0;
				PRODUCT_BUNDLE_IDENTIFIER = com.vaishnavi.AppForBeginners;
				PRODUCT_NAME = "$(TARGET_NAME)";
				SWIFT_EMIT_LOC_STRINGS = YES;
				SWIFT_VERSION = 5.0;
				TARGETED_DEVICE_FAMILY = "1,2";
			};
			name = Release;
		};
/* End XCBuildConfiguration section */

/* Begin XCConfigurationList section */
		5F4CFF7A2B8E2C1200EA2C60 /* Build configuration list for PBXProject "AppForBeginners" */ = {
			isa = XCConfigurationList;
			buildConfigurations = (
				5F4CFF8B2B8E2C1400EA2C60 /* Debug */,
				5F4CFF8C2B8E2C1400EA2C60 /* Release */,
			);
			defaultConfigurationIsVisible = 0;
			defaultConfigurationName = Release;
		};
		5F4CFF8D2B8E2C1400EA2C60 /* Build configuration list for PBXNativeTarget "AppForBeginners" */ = {
			isa = XCConfigurationList;
			buildConfigurations = (
				5F4CFF8E2B8E2C1400EA2C60 /* Debug */,
				5F4CFF8F2B8E2C1400EA2C60 /* Release */,
			);
			defaultConfigurationIsVisible = 0;
			defaultConfigurationName = Release;
		};
/* End XCConfigurationList section */
	};
	rootObject = 5F4CFF772B8E2C1200EA2C60 /* Project object */;
}
